// !$*UTF8*$!
{
	archiveVersion = 1;
	classes = {
	};
	objectVersion = 50;
	objects = {

/* Begin PBXBuildFile section */
		C0F0054426FED20F00B7A7A7 /* AppDelegate.swift in Sources */ = {isa = PBXBuildFile; fileRef = C0F0054326FED20F00B7A7A7 /* AppDelegate.swift */; };
		C0F0054B26FED20F00B7A7A7 /* Main.storyboard in Resources */ = {isa = PBXBuildFile; fileRef = C0F0054926FED20F00B7A7A7 /* Main.storyboard */; };
		C0F0054D26FED21000B7A7A7 /* Assets.xcassets in Resources */ = {isa = PBXBuildFile; fileRef = C0F0054C26FED21000B7A7A7 /* Assets.xcassets */; };
		C0F0055026FED21000B7A7A7 /* LaunchScreen.storyboard in Resources */ = {isa = PBXBuildFile; fileRef = C0F0054E26FED21000B7A7A7 /* LaunchScreen.storyboard */; };
		C0F0055B26FED21000B7A7A7 /* ocbc_ios_mukeshTests.swift in Sources */ = {isa = PBXBuildFile; fileRef = C0F0055A26FED21000B7A7A7 /* ocbc_ios_mukeshTests.swift */; };
		C0F0056626FED21000B7A7A7 /* ocbc_ios_mukeshUITests.swift in Sources */ = {isa = PBXBuildFile; fileRef = C0F0056526FED21000B7A7A7 /* ocbc_ios_mukeshUITests.swift */; };
		C0F0057426FED3A000B7A7A7 /* LoginViewController.swift in Sources */ = {isa = PBXBuildFile; fileRef = C0F0057326FED3A000B7A7A7 /* LoginViewController.swift */; };
		C0F0057926FED7E900B7A7A7 /* Dashboard.storyboard in Resources */ = {isa = PBXBuildFile; fileRef = C0F0057826FED7E900B7A7A7 /* Dashboard.storyboard */; };
		C0F0057B26FED85D00B7A7A7 /* DashboardViewController.swift in Sources */ = {isa = PBXBuildFile; fileRef = C0F0057A26FED85D00B7A7A7 /* DashboardViewController.swift */; };
		C0F0057D26FEDCB700B7A7A7 /* Transfer.storyboard in Resources */ = {isa = PBXBuildFile; fileRef = C0F0057C26FEDCB700B7A7A7 /* Transfer.storyboard */; };
		C0F0057F26FEDCE300B7A7A7 /* TransferViewController.swift in Sources */ = {isa = PBXBuildFile; fileRef = C0F0057E26FEDCE300B7A7A7 /* TransferViewController.swift */; };
		C0F0058226FEF49E00B7A7A7 /* OCBCButton.swift in Sources */ = {isa = PBXBuildFile; fileRef = C0F0058126FEF49E00B7A7A7 /* OCBCButton.swift */; };
		C0F0058426FF062600B7A7A7 /* OCBCTextView.swift in Sources */ = {isa = PBXBuildFile; fileRef = C0F0058326FF062600B7A7A7 /* OCBCTextView.swift */; };
		C0F0058626FF0A7800B7A7A7 /* OCBCTextField.swift in Sources */ = {isa = PBXBuildFile; fileRef = C0F0058526FF0A7800B7A7A7 /* OCBCTextField.swift */; };
		C0F0058826FF18A200B7A7A7 /* BalanceDisplayView.swift in Sources */ = {isa = PBXBuildFile; fileRef = C0F0058726FF18A200B7A7A7 /* BalanceDisplayView.swift */; };
		C0F0058A26FF18B000B7A7A7 /* BalanceDisplayView.xib in Resources */ = {isa = PBXBuildFile; fileRef = C0F0058926FF18B000B7A7A7 /* BalanceDisplayView.xib */; };
		C0F0058D26FF1B5300B7A7A7 /* UIView+Extension.swift in Sources */ = {isa = PBXBuildFile; fileRef = C0F0058C26FF1B5300B7A7A7 /* UIView+Extension.swift */; };
		C0F0058F26FF1B8B00B7A7A7 /* UIWindow+Extension.swift in Sources */ = {isa = PBXBuildFile; fileRef = C0F0058E26FF1B8B00B7A7A7 /* UIWindow+Extension.swift */; };
		C0F0059226FF235000B7A7A7 /* TransactionActivityTableViewCell.swift in Sources */ = {isa = PBXBuildFile; fileRef = C0F0059026FF235000B7A7A7 /* TransactionActivityTableViewCell.swift */; };
		C0F0059326FF235000B7A7A7 /* TransactionActivityTableViewCell.xib in Resources */ = {isa = PBXBuildFile; fileRef = C0F0059126FF235000B7A7A7 /* TransactionActivityTableViewCell.xib */; };
		C0F0059526FF23BE00B7A7A7 /* TransactionActivityView.swift in Sources */ = {isa = PBXBuildFile; fileRef = C0F0059426FF23BE00B7A7A7 /* TransactionActivityView.swift */; };
		C0F0059726FF23C800B7A7A7 /* TransactionActivityView.xib in Resources */ = {isa = PBXBuildFile; fileRef = C0F0059626FF23C800B7A7A7 /* TransactionActivityView.xib */; };
		C0F0059A26FF67AD00B7A7A7 /* NetworkRequest.swift in Sources */ = {isa = PBXBuildFile; fileRef = C0F0059926FF67AD00B7A7A7 /* NetworkRequest.swift */; };
		C0F0059E26FF6C4700B7A7A7 /* ApiRequestUrl.swift in Sources */ = {isa = PBXBuildFile; fileRef = C0F0059D26FF6C4700B7A7A7 /* ApiRequestUrl.swift */; };
		C0F005A426FF81A700B7A7A7 /* RequestDataHelper.swift in Sources */ = {isa = PBXBuildFile; fileRef = C0F005A326FF81A700B7A7A7 /* RequestDataHelper.swift */; };
		C0F005A626FF8B1900B7A7A7 /* SessionManager.swift in Sources */ = {isa = PBXBuildFile; fileRef = C0F005A526FF8B1900B7A7A7 /* SessionManager.swift */; };
		C0F005A826FF949400B7A7A7 /* LoginData.swift in Sources */ = {isa = PBXBuildFile; fileRef = C0F005A726FF949400B7A7A7 /* LoginData.swift */; };
		C0F005AA26FFA13F00B7A7A7 /* LoginViewModel.swift in Sources */ = {isa = PBXBuildFile; fileRef = C0F005A926FFA13F00B7A7A7 /* LoginViewModel.swift */; };
		C0F005AC26FFA3C800B7A7A7 /* UIAlertViewController+Extra.swift in Sources */ = {isa = PBXBuildFile; fileRef = C0F005AB26FFA3C800B7A7A7 /* UIAlertViewController+Extra.swift */; };
		C0F005AF27002D9900B7A7A7 /* BalanceViewModel.swift in Sources */ = {isa = PBXBuildFile; fileRef = C0F005AE27002D9900B7A7A7 /* BalanceViewModel.swift */; };
		C0F005B727002E3D00B7A7A7 /* TransactionViewModel.swift in Sources */ = {isa = PBXBuildFile; fileRef = C0F005B627002E3D00B7A7A7 /* TransactionViewModel.swift */; };
		C0F005BC27002E7000B7A7A7 /* TransferViewModel.swift in Sources */ = {isa = PBXBuildFile; fileRef = C0F005BB27002E7000B7A7A7 /* TransferViewModel.swift */; };
		C0F005BF27002ED600B7A7A7 /* BalanceData.swift in Sources */ = {isa = PBXBuildFile; fileRef = C0F005BE27002ED600B7A7A7 /* BalanceData.swift */; };
		C0F005CD27003B0E00B7A7A7 /* Transactions.swift in Sources */ = {isa = PBXBuildFile; fileRef = C0F005CA27003B0E00B7A7A7 /* Transactions.swift */; };
		C0F005CE27003B0E00B7A7A7 /* TransactionData.swift in Sources */ = {isa = PBXBuildFile; fileRef = C0F005CB27003B0E00B7A7A7 /* TransactionData.swift */; };
		C0F005CF27003B0E00B7A7A7 /* FromAccount.swift in Sources */ = {isa = PBXBuildFile; fileRef = C0F005CC27003B0E00B7A7A7 /* FromAccount.swift */; };
		C0F005D12700437E00B7A7A7 /* ToAccount.swift in Sources */ = {isa = PBXBuildFile; fileRef = C0F005D02700437E00B7A7A7 /* ToAccount.swift */; };
		C0F005D3270047D100B7A7A7 /* String+Extension.swift in Sources */ = {isa = PBXBuildFile; fileRef = C0F005D2270047D100B7A7A7 /* String+Extension.swift */; };
		C0F005D62700481600B7A7A7 /* Common.swift in Sources */ = {isa = PBXBuildFile; fileRef = C0F005D52700481600B7A7A7 /* Common.swift */; };
		C0F005D82700484300B7A7A7 /* Double+Extension.swift in Sources */ = {isa = PBXBuildFile; fileRef = C0F005D72700484300B7A7A7 /* Double+Extension.swift */; };
		C0F005DA27004A7800B7A7A7 /* Date+Extension.swift in Sources */ = {isa = PBXBuildFile; fileRef = C0F005D927004A7800B7A7A7 /* Date+Extension.swift */; };
		C0F005DD2700732100B7A7A7 /* TransferData.swift in Sources */ = {isa = PBXBuildFile; fileRef = C0F005DC2700732100B7A7A7 /* TransferData.swift */; };
		C0F005DF2700736B00B7A7A7 /* TransferResponse.swift in Sources */ = {isa = PBXBuildFile; fileRef = C0F005DE2700736B00B7A7A7 /* TransferResponse.swift */; };
		C0F005E1270076C700B7A7A7 /* PayeeViewModel.swift in Sources */ = {isa = PBXBuildFile; fileRef = C0F005E0270076C700B7A7A7 /* PayeeViewModel.swift */; };
		C0F005E32700770E00B7A7A7 /* PayeeData.swift in Sources */ = {isa = PBXBuildFile; fileRef = C0F005E22700770E00B7A7A7 /* PayeeData.swift */; };
		C0F005E52700775800B7A7A7 /* PayeeResponse.swift in Sources */ = {isa = PBXBuildFile; fileRef = C0F005E42700775800B7A7A7 /* PayeeResponse.swift */; };
/* End PBXBuildFile section */

/* Begin PBXContainerItemProxy section */
		C0F0055726FED21000B7A7A7 /* PBXContainerItemProxy */ = {
			isa = PBXContainerItemProxy;
			containerPortal = C0F0053826FED20F00B7A7A7 /* Project object */;
			proxyType = 1;
			remoteGlobalIDString = C0F0053F26FED20F00B7A7A7;
			remoteInfo = ocbc_ios_mukesh;
		};
		C0F0056226FED21000B7A7A7 /* PBXContainerItemProxy */ = {
			isa = PBXContainerItemProxy;
			containerPortal = C0F0053826FED20F00B7A7A7 /* Project object */;
			proxyType = 1;
			remoteGlobalIDString = C0F0053F26FED20F00B7A7A7;
			remoteInfo = ocbc_ios_mukesh;
		};
/* End PBXContainerItemProxy section */

/* Begin PBXFileReference section */
		C0F0054026FED20F00B7A7A7 /* ocbc_ios_mukesh.app */ = {isa = PBXFileReference; explicitFileType = wrapper.application; includeInIndex = 0; path = ocbc_ios_mukesh.app; sourceTree = BUILT_PRODUCTS_DIR; };
		C0F0054326FED20F00B7A7A7 /* AppDelegate.swift */ = {isa = PBXFileReference; lastKnownFileType = sourcecode.swift; path = AppDelegate.swift; sourceTree = "<group>"; };
		C0F0054A26FED20F00B7A7A7 /* Base */ = {isa = PBXFileReference; lastKnownFileType = file.storyboard; name = Base; path = Base.lproj/Main.storyboard; sourceTree = "<group>"; };
		C0F0054C26FED21000B7A7A7 /* Assets.xcassets */ = {isa = PBXFileReference; lastKnownFileType = folder.assetcatalog; path = Assets.xcassets; sourceTree = "<group>"; };
		C0F0054F26FED21000B7A7A7 /* Base */ = {isa = PBXFileReference; lastKnownFileType = file.storyboard; name = Base; path = Base.lproj/LaunchScreen.storyboard; sourceTree = "<group>"; };
		C0F0055126FED21000B7A7A7 /* Info.plist */ = {isa = PBXFileReference; lastKnownFileType = text.plist.xml; path = Info.plist; sourceTree = "<group>"; };
		C0F0055626FED21000B7A7A7 /* ocbc_ios_mukeshTests.xctest */ = {isa = PBXFileReference; explicitFileType = wrapper.cfbundle; includeInIndex = 0; path = ocbc_ios_mukeshTests.xctest; sourceTree = BUILT_PRODUCTS_DIR; };
		C0F0055A26FED21000B7A7A7 /* ocbc_ios_mukeshTests.swift */ = {isa = PBXFileReference; lastKnownFileType = sourcecode.swift; path = ocbc_ios_mukeshTests.swift; sourceTree = "<group>"; };
		C0F0055C26FED21000B7A7A7 /* Info.plist */ = {isa = PBXFileReference; lastKnownFileType = text.plist.xml; path = Info.plist; sourceTree = "<group>"; };
		C0F0056126FED21000B7A7A7 /* ocbc_ios_mukeshUITests.xctest */ = {isa = PBXFileReference; explicitFileType = wrapper.cfbundle; includeInIndex = 0; path = ocbc_ios_mukeshUITests.xctest; sourceTree = BUILT_PRODUCTS_DIR; };
		C0F0056526FED21000B7A7A7 /* ocbc_ios_mukeshUITests.swift */ = {isa = PBXFileReference; lastKnownFileType = sourcecode.swift; path = ocbc_ios_mukeshUITests.swift; sourceTree = "<group>"; };
		C0F0056726FED21000B7A7A7 /* Info.plist */ = {isa = PBXFileReference; lastKnownFileType = text.plist.xml; path = Info.plist; sourceTree = "<group>"; };
		C0F0057326FED3A000B7A7A7 /* LoginViewController.swift */ = {isa = PBXFileReference; fileEncoding = 4; lastKnownFileType = sourcecode.swift; path = LoginViewController.swift; sourceTree = "<group>"; };
		C0F0057826FED7E900B7A7A7 /* Dashboard.storyboard */ = {isa = PBXFileReference; lastKnownFileType = file.storyboard; path = Dashboard.storyboard; sourceTree = "<group>"; };
		C0F0057A26FED85D00B7A7A7 /* DashboardViewController.swift */ = {isa = PBXFileReference; lastKnownFileType = sourcecode.swift; path = DashboardViewController.swift; sourceTree = "<group>"; };
		C0F0057C26FEDCB700B7A7A7 /* Transfer.storyboard */ = {isa = PBXFileReference; lastKnownFileType = file.storyboard; path = Transfer.storyboard; sourceTree = "<group>"; };
		C0F0057E26FEDCE300B7A7A7 /* TransferViewController.swift */ = {isa = PBXFileReference; lastKnownFileType = sourcecode.swift; path = TransferViewController.swift; sourceTree = "<group>"; };
		C0F0058126FEF49E00B7A7A7 /* OCBCButton.swift */ = {isa = PBXFileReference; lastKnownFileType = sourcecode.swift; path = OCBCButton.swift; sourceTree = "<group>"; };
		C0F0058326FF062600B7A7A7 /* OCBCTextView.swift */ = {isa = PBXFileReference; lastKnownFileType = sourcecode.swift; path = OCBCTextView.swift; sourceTree = "<group>"; };
		C0F0058526FF0A7800B7A7A7 /* OCBCTextField.swift */ = {isa = PBXFileReference; lastKnownFileType = sourcecode.swift; path = OCBCTextField.swift; sourceTree = "<group>"; };
		C0F0058726FF18A200B7A7A7 /* BalanceDisplayView.swift */ = {isa = PBXFileReference; lastKnownFileType = sourcecode.swift; path = BalanceDisplayView.swift; sourceTree = "<group>"; };
		C0F0058926FF18B000B7A7A7 /* BalanceDisplayView.xib */ = {isa = PBXFileReference; lastKnownFileType = file.xib; path = BalanceDisplayView.xib; sourceTree = "<group>"; };
		C0F0058C26FF1B5300B7A7A7 /* UIView+Extension.swift */ = {isa = PBXFileReference; lastKnownFileType = sourcecode.swift; path = "UIView+Extension.swift"; sourceTree = "<group>"; };
		C0F0058E26FF1B8B00B7A7A7 /* UIWindow+Extension.swift */ = {isa = PBXFileReference; lastKnownFileType = sourcecode.swift; path = "UIWindow+Extension.swift"; sourceTree = "<group>"; };
		C0F0059026FF235000B7A7A7 /* TransactionActivityTableViewCell.swift */ = {isa = PBXFileReference; lastKnownFileType = sourcecode.swift; path = TransactionActivityTableViewCell.swift; sourceTree = "<group>"; };
		C0F0059126FF235000B7A7A7 /* TransactionActivityTableViewCell.xib */ = {isa = PBXFileReference; lastKnownFileType = file.xib; path = TransactionActivityTableViewCell.xib; sourceTree = "<group>"; };
		C0F0059426FF23BE00B7A7A7 /* TransactionActivityView.swift */ = {isa = PBXFileReference; lastKnownFileType = sourcecode.swift; path = TransactionActivityView.swift; sourceTree = "<group>"; };
		C0F0059626FF23C800B7A7A7 /* TransactionActivityView.xib */ = {isa = PBXFileReference; lastKnownFileType = file.xib; path = TransactionActivityView.xib; sourceTree = "<group>"; };
		C0F0059926FF67AD00B7A7A7 /* NetworkRequest.swift */ = {isa = PBXFileReference; fileEncoding = 4; lastKnownFileType = sourcecode.swift; path = NetworkRequest.swift; sourceTree = "<group>"; };
		C0F0059D26FF6C4700B7A7A7 /* ApiRequestUrl.swift */ = {isa = PBXFileReference; lastKnownFileType = sourcecode.swift; path = ApiRequestUrl.swift; sourceTree = "<group>"; };
		C0F005A326FF81A700B7A7A7 /* RequestDataHelper.swift */ = {isa = PBXFileReference; lastKnownFileType = sourcecode.swift; path = RequestDataHelper.swift; sourceTree = "<group>"; };
		C0F005A526FF8B1900B7A7A7 /* SessionManager.swift */ = {isa = PBXFileReference; lastKnownFileType = sourcecode.swift; path = SessionManager.swift; sourceTree = "<group>"; };
		C0F005A726FF949400B7A7A7 /* LoginData.swift */ = {isa = PBXFileReference; lastKnownFileType = sourcecode.swift; path = LoginData.swift; sourceTree = "<group>"; };
		C0F005A926FFA13F00B7A7A7 /* LoginViewModel.swift */ = {isa = PBXFileReference; lastKnownFileType = sourcecode.swift; path = LoginViewModel.swift; sourceTree = "<group>"; };
		C0F005AB26FFA3C800B7A7A7 /* UIAlertViewController+Extra.swift */ = {isa = PBXFileReference; fileEncoding = 4; lastKnownFileType = sourcecode.swift; path = "UIAlertViewController+Extra.swift"; sourceTree = "<group>"; };
		C0F005AE27002D9900B7A7A7 /* BalanceViewModel.swift */ = {isa = PBXFileReference; lastKnownFileType = sourcecode.swift; path = BalanceViewModel.swift; sourceTree = "<group>"; };
		C0F005B627002E3D00B7A7A7 /* TransactionViewModel.swift */ = {isa = PBXFileReference; lastKnownFileType = sourcecode.swift; path = TransactionViewModel.swift; sourceTree = "<group>"; };
		C0F005BB27002E7000B7A7A7 /* TransferViewModel.swift */ = {isa = PBXFileReference; lastKnownFileType = sourcecode.swift; path = TransferViewModel.swift; sourceTree = "<group>"; };
		C0F005BE27002ED600B7A7A7 /* BalanceData.swift */ = {isa = PBXFileReference; lastKnownFileType = sourcecode.swift; path = BalanceData.swift; sourceTree = "<group>"; };
		C0F005CA27003B0E00B7A7A7 /* Transactions.swift */ = {isa = PBXFileReference; fileEncoding = 4; lastKnownFileType = sourcecode.swift; path = Transactions.swift; sourceTree = "<group>"; };
		C0F005CB27003B0E00B7A7A7 /* TransactionData.swift */ = {isa = PBXFileReference; fileEncoding = 4; lastKnownFileType = sourcecode.swift; path = TransactionData.swift; sourceTree = "<group>"; };
		C0F005CC27003B0E00B7A7A7 /* FromAccount.swift */ = {isa = PBXFileReference; fileEncoding = 4; lastKnownFileType = sourcecode.swift; path = FromAccount.swift; sourceTree = "<group>"; };
		C0F005D02700437E00B7A7A7 /* ToAccount.swift */ = {isa = PBXFileReference; lastKnownFileType = sourcecode.swift; path = ToAccount.swift; sourceTree = "<group>"; };
		C0F005D2270047D100B7A7A7 /* String+Extension.swift */ = {isa = PBXFileReference; lastKnownFileType = sourcecode.swift; path = "String+Extension.swift"; sourceTree = "<group>"; };
		C0F005D52700481600B7A7A7 /* Common.swift */ = {isa = PBXFileReference; lastKnownFileType = sourcecode.swift; path = Common.swift; sourceTree = "<group>"; };
		C0F005D72700484300B7A7A7 /* Double+Extension.swift */ = {isa = PBXFileReference; lastKnownFileType = sourcecode.swift; path = "Double+Extension.swift"; sourceTree = "<group>"; };
		C0F005D927004A7800B7A7A7 /* Date+Extension.swift */ = {isa = PBXFileReference; lastKnownFileType = sourcecode.swift; path = "Date+Extension.swift"; sourceTree = "<group>"; };
		C0F005DC2700732100B7A7A7 /* TransferData.swift */ = {isa = PBXFileReference; lastKnownFileType = sourcecode.swift; path = TransferData.swift; sourceTree = "<group>"; };
		C0F005DE2700736B00B7A7A7 /* TransferResponse.swift */ = {isa = PBXFileReference; lastKnownFileType = sourcecode.swift; path = TransferResponse.swift; sourceTree = "<group>"; };
		C0F005E0270076C700B7A7A7 /* PayeeViewModel.swift */ = {isa = PBXFileReference; lastKnownFileType = sourcecode.swift; path = PayeeViewModel.swift; sourceTree = "<group>"; };
		C0F005E22700770E00B7A7A7 /* PayeeData.swift */ = {isa = PBXFileReference; lastKnownFileType = sourcecode.swift; path = PayeeData.swift; sourceTree = "<group>"; };
		C0F005E42700775800B7A7A7 /* PayeeResponse.swift */ = {isa = PBXFileReference; lastKnownFileType = sourcecode.swift; path = PayeeResponse.swift; sourceTree = "<group>"; };
/* End PBXFileReference section */

/* Begin PBXFrameworksBuildPhase section */
		C0F0053D26FED20F00B7A7A7 /* Frameworks */ = {
			isa = PBXFrameworksBuildPhase;
			buildActionMask = 2147483647;
			files = (
			);
			runOnlyForDeploymentPostprocessing = 0;
		};
		C0F0055326FED21000B7A7A7 /* Frameworks */ = {
			isa = PBXFrameworksBuildPhase;
			buildActionMask = 2147483647;
			files = (
			);
			runOnlyForDeploymentPostprocessing = 0;
		};
		C0F0055E26FED21000B7A7A7 /* Frameworks */ = {
			isa = PBXFrameworksBuildPhase;
			buildActionMask = 2147483647;
			files = (
			);
			runOnlyForDeploymentPostprocessing = 0;
		};
/* End PBXFrameworksBuildPhase section */

/* Begin PBXGroup section */
		C0F0053726FED20F00B7A7A7 = {
			isa = PBXGroup;
			children = (
				C0F0054226FED20F00B7A7A7 /* ocbc_ios_mukesh */,
				C0F0055926FED21000B7A7A7 /* ocbc_ios_mukeshTests */,
				C0F0056426FED21000B7A7A7 /* ocbc_ios_mukeshUITests */,
				C0F0054126FED20F00B7A7A7 /* Products */,
			);
			sourceTree = "<group>";
		};
		C0F0054126FED20F00B7A7A7 /* Products */ = {
			isa = PBXGroup;
			children = (
				C0F0054026FED20F00B7A7A7 /* ocbc_ios_mukesh.app */,
				C0F0055626FED21000B7A7A7 /* ocbc_ios_mukeshTests.xctest */,
				C0F0056126FED21000B7A7A7 /* ocbc_ios_mukeshUITests.xctest */,
			);
			name = Products;
			sourceTree = "<group>";
		};
		C0F0054226FED20F00B7A7A7 /* ocbc_ios_mukesh */ = {
			isa = PBXGroup;
			children = (
				C0F005D4270047F000B7A7A7 /* Common */,
				C0F0059826FF674E00B7A7A7 /* Webservice */,
				C0F0058B26FF1B3F00B7A7A7 /* Extension */,
				C0F0058026FEF47D00B7A7A7 /* Component */,
				C0F0057726FED75700B7A7A7 /* Transfer */,
				C0F0057626FED75000B7A7A7 /* Dashboard */,
				C0F0057526FED74A00B7A7A7 /* Login */,
				C0F0054326FED20F00B7A7A7 /* AppDelegate.swift */,
				C0F0054C26FED21000B7A7A7 /* Assets.xcassets */,
				C0F0054E26FED21000B7A7A7 /* LaunchScreen.storyboard */,
				C0F0055126FED21000B7A7A7 /* Info.plist */,
			);
			path = ocbc_ios_mukesh;
			sourceTree = "<group>";
		};
		C0F0055926FED21000B7A7A7 /* ocbc_ios_mukeshTests */ = {
			isa = PBXGroup;
			children = (
				C0F0055A26FED21000B7A7A7 /* ocbc_ios_mukeshTests.swift */,
				C0F0055C26FED21000B7A7A7 /* Info.plist */,
			);
			path = ocbc_ios_mukeshTests;
			sourceTree = "<group>";
		};
		C0F0056426FED21000B7A7A7 /* ocbc_ios_mukeshUITests */ = {
			isa = PBXGroup;
			children = (
				C0F0056526FED21000B7A7A7 /* ocbc_ios_mukeshUITests.swift */,
				C0F0056726FED21000B7A7A7 /* Info.plist */,
			);
			path = ocbc_ios_mukeshUITests;
			sourceTree = "<group>";
		};
		C0F0057526FED74A00B7A7A7 /* Login */ = {
			isa = PBXGroup;
			children = (
				C0F005B327002DE100B7A7A7 /* Model */,
				C0F005B227002DBE00B7A7A7 /* Controller */,
				C0F005B027002DA200B7A7A7 /* ViewModel */,
			);
			path = Login;
			sourceTree = "<group>";
		};
		C0F0057626FED75000B7A7A7 /* Dashboard */ = {
			isa = PBXGroup;
			children = (
				C0F005BD27002EC700B7A7A7 /* Model */,
				C0F005B527002E1300B7A7A7 /* Views */,
				C0F005B427002DF100B7A7A7 /* Controller */,
				C0F005AD27002D8300B7A7A7 /* ViewModel */,
			);
			path = Dashboard;
			sourceTree = "<group>";
		};
		C0F0057726FED75700B7A7A7 /* Transfer */ = {
			isa = PBXGroup;
			children = (
				C0F005DB2700724900B7A7A7 /* Model */,
				C0F005B927002E5000B7A7A7 /* ViewModel */,
				C0F005B827002E4500B7A7A7 /* Controller */,
			);
			path = Transfer;
			sourceTree = "<group>";
		};
		C0F0058026FEF47D00B7A7A7 /* Component */ = {
			isa = PBXGroup;
			children = (
				C0F0058126FEF49E00B7A7A7 /* OCBCButton.swift */,
				C0F0058326FF062600B7A7A7 /* OCBCTextView.swift */,
				C0F0058526FF0A7800B7A7A7 /* OCBCTextField.swift */,
			);
			path = Component;
			sourceTree = "<group>";
		};
		C0F0058B26FF1B3F00B7A7A7 /* Extension */ = {
			isa = PBXGroup;
			children = (
				C0F005AB26FFA3C800B7A7A7 /* UIAlertViewController+Extra.swift */,
				C0F0058C26FF1B5300B7A7A7 /* UIView+Extension.swift */,
				C0F0058E26FF1B8B00B7A7A7 /* UIWindow+Extension.swift */,
				C0F005D2270047D100B7A7A7 /* String+Extension.swift */,
				C0F005D72700484300B7A7A7 /* Double+Extension.swift */,
				C0F005D927004A7800B7A7A7 /* Date+Extension.swift */,
			);
			path = Extension;
			sourceTree = "<group>";
		};
		C0F0059826FF674E00B7A7A7 /* Webservice */ = {
			isa = PBXGroup;
			children = (
				C0F0059926FF67AD00B7A7A7 /* NetworkRequest.swift */,
				C0F0059D26FF6C4700B7A7A7 /* ApiRequestUrl.swift */,
				C0F005A326FF81A700B7A7A7 /* RequestDataHelper.swift */,
				C0F005A526FF8B1900B7A7A7 /* SessionManager.swift */,
			);
			path = Webservice;
			sourceTree = "<group>";
		};
		C0F005AD27002D8300B7A7A7 /* ViewModel */ = {
			isa = PBXGroup;
			children = (
				C0F005AE27002D9900B7A7A7 /* BalanceViewModel.swift */,
				C0F005B627002E3D00B7A7A7 /* TransactionViewModel.swift */,
			);
			path = ViewModel;
			sourceTree = "<group>";
		};
		C0F005B027002DA200B7A7A7 /* ViewModel */ = {
			isa = PBXGroup;
			children = (
				C0F005A926FFA13F00B7A7A7 /* LoginViewModel.swift */,
			);
			path = ViewModel;
			sourceTree = "<group>";
		};
		C0F005B227002DBE00B7A7A7 /* Controller */ = {
			isa = PBXGroup;
			children = (
				C0F0054926FED20F00B7A7A7 /* Main.storyboard */,
				C0F0057326FED3A000B7A7A7 /* LoginViewController.swift */,
			);
			path = Controller;
			sourceTree = "<group>";
		};
		C0F005B327002DE100B7A7A7 /* Model */ = {
			isa = PBXGroup;
			children = (
				C0F005A726FF949400B7A7A7 /* LoginData.swift */,
			);
			path = Model;
			sourceTree = "<group>";
		};
		C0F005B427002DF100B7A7A7 /* Controller */ = {
			isa = PBXGroup;
			children = (
				C0F0057A26FED85D00B7A7A7 /* DashboardViewController.swift */,
				C0F0057826FED7E900B7A7A7 /* Dashboard.storyboard */,
			);
			path = Controller;
			sourceTree = "<group>";
		};
		C0F005B527002E1300B7A7A7 /* Views */ = {
			isa = PBXGroup;
			children = (
				C0F0059426FF23BE00B7A7A7 /* TransactionActivityView.swift */,
				C0F0059626FF23C800B7A7A7 /* TransactionActivityView.xib */,
				C0F0059026FF235000B7A7A7 /* TransactionActivityTableViewCell.swift */,
				C0F0059126FF235000B7A7A7 /* TransactionActivityTableViewCell.xib */,
				C0F0058726FF18A200B7A7A7 /* BalanceDisplayView.swift */,
				C0F0058926FF18B000B7A7A7 /* BalanceDisplayView.xib */,
			);
			path = Views;
			sourceTree = "<group>";
		};
		C0F005B827002E4500B7A7A7 /* Controller */ = {
			isa = PBXGroup;
			children = (
				C0F0057C26FEDCB700B7A7A7 /* Transfer.storyboard */,
				C0F0057E26FEDCE300B7A7A7 /* TransferViewController.swift */,
			);
			path = Controller;
			sourceTree = "<group>";
		};
		C0F005B927002E5000B7A7A7 /* ViewModel */ = {
			isa = PBXGroup;
			children = (
				C0F005BB27002E7000B7A7A7 /* TransferViewModel.swift */,
				C0F005E0270076C700B7A7A7 /* PayeeViewModel.swift */,
			);
			path = ViewModel;
			sourceTree = "<group>";
		};
		C0F005BD27002EC700B7A7A7 /* Model */ = {
			isa = PBXGroup;
			children = (
				C0F005CA27003B0E00B7A7A7 /* Transactions.swift */,
				C0F005CB27003B0E00B7A7A7 /* TransactionData.swift */,
				C0F005CC27003B0E00B7A7A7 /* FromAccount.swift */,
				C0F005BE27002ED600B7A7A7 /* BalanceData.swift */,
				C0F005D02700437E00B7A7A7 /* ToAccount.swift */,
			);
			path = Model;
			sourceTree = "<group>";
		};
		C0F005D4270047F000B7A7A7 /* Common */ = {
			isa = PBXGroup;
			children = (
				C0F005D52700481600B7A7A7 /* Common.swift */,
			);
			path = Common;
			sourceTree = "<group>";
		};
		C0F005DB2700724900B7A7A7 /* Model */ = {
			isa = PBXGroup;
			children = (
				C0F005DC2700732100B7A7A7 /* TransferData.swift */,
				C0F005DE2700736B00B7A7A7 /* TransferResponse.swift */,
				C0F005E22700770E00B7A7A7 /* PayeeData.swift */,
				C0F005E42700775800B7A7A7 /* PayeeResponse.swift */,
			);
			path = Model;
			sourceTree = "<group>";
		};
/* End PBXGroup section */

/* Begin PBXNativeTarget section */
		C0F0053F26FED20F00B7A7A7 /* ocbc_ios_mukesh */ = {
			isa = PBXNativeTarget;
			buildConfigurationList = C0F0056A26FED21000B7A7A7 /* Build configuration list for PBXNativeTarget "ocbc_ios_mukesh" */;
			buildPhases = (
				C0F0053C26FED20F00B7A7A7 /* Sources */,
				C0F0053D26FED20F00B7A7A7 /* Frameworks */,
				C0F0053E26FED20F00B7A7A7 /* Resources */,
			);
			buildRules = (
			);
			dependencies = (
			);
			name = ocbc_ios_mukesh;
			productName = ocbc_ios_mukesh;
			productReference = C0F0054026FED20F00B7A7A7 /* ocbc_ios_mukesh.app */;
			productType = "com.apple.product-type.application";
		};
		C0F0055526FED21000B7A7A7 /* ocbc_ios_mukeshTests */ = {
			isa = PBXNativeTarget;
			buildConfigurationList = C0F0056D26FED21000B7A7A7 /* Build configuration list for PBXNativeTarget "ocbc_ios_mukeshTests" */;
			buildPhases = (
				C0F0055226FED21000B7A7A7 /* Sources */,
				C0F0055326FED21000B7A7A7 /* Frameworks */,
				C0F0055426FED21000B7A7A7 /* Resources */,
			);
			buildRules = (
			);
			dependencies = (
				C0F0055826FED21000B7A7A7 /* PBXTargetDependency */,
			);
			name = ocbc_ios_mukeshTests;
			productName = ocbc_ios_mukeshTests;
			productReference = C0F0055626FED21000B7A7A7 /* ocbc_ios_mukeshTests.xctest */;
			productType = "com.apple.product-type.bundle.unit-test";
		};
		C0F0056026FED21000B7A7A7 /* ocbc_ios_mukeshUITests */ = {
			isa = PBXNativeTarget;
			buildConfigurationList = C0F0057026FED21000B7A7A7 /* Build configuration list for PBXNativeTarget "ocbc_ios_mukeshUITests" */;
			buildPhases = (
				C0F0055D26FED21000B7A7A7 /* Sources */,
				C0F0055E26FED21000B7A7A7 /* Frameworks */,
				C0F0055F26FED21000B7A7A7 /* Resources */,
			);
			buildRules = (
			);
			dependencies = (
				C0F0056326FED21000B7A7A7 /* PBXTargetDependency */,
			);
			name = ocbc_ios_mukeshUITests;
			productName = ocbc_ios_mukeshUITests;
			productReference = C0F0056126FED21000B7A7A7 /* ocbc_ios_mukeshUITests.xctest */;
			productType = "com.apple.product-type.bundle.ui-testing";
		};
/* End PBXNativeTarget section */

/* Begin PBXProject section */
		C0F0053826FED20F00B7A7A7 /* Project object */ = {
			isa = PBXProject;
			attributes = {
				LastSwiftUpdateCheck = 1250;
				LastUpgradeCheck = 1250;
				TargetAttributes = {
					C0F0053F26FED20F00B7A7A7 = {
						CreatedOnToolsVersion = 12.5;
					};
					C0F0055526FED21000B7A7A7 = {
						CreatedOnToolsVersion = 12.5;
						TestTargetID = C0F0053F26FED20F00B7A7A7;
					};
					C0F0056026FED21000B7A7A7 = {
						CreatedOnToolsVersion = 12.5;
						TestTargetID = C0F0053F26FED20F00B7A7A7;
					};
				};
			};
			buildConfigurationList = C0F0053B26FED20F00B7A7A7 /* Build configuration list for PBXProject "ocbc_ios_mukesh" */;
			compatibilityVersion = "Xcode 9.3";
			developmentRegion = en;
			hasScannedForEncodings = 0;
			knownRegions = (
				en,
				Base,
			);
			mainGroup = C0F0053726FED20F00B7A7A7;
			productRefGroup = C0F0054126FED20F00B7A7A7 /* Products */;
			projectDirPath = "";
			projectRoot = "";
			targets = (
				C0F0053F26FED20F00B7A7A7 /* ocbc_ios_mukesh */,
				C0F0055526FED21000B7A7A7 /* ocbc_ios_mukeshTests */,
				C0F0056026FED21000B7A7A7 /* ocbc_ios_mukeshUITests */,
			);
		};
/* End PBXProject section */

/* Begin PBXResourcesBuildPhase section */
		C0F0053E26FED20F00B7A7A7 /* Resources */ = {
			isa = PBXResourcesBuildPhase;
			buildActionMask = 2147483647;
			files = (
				C0F0059326FF235000B7A7A7 /* TransactionActivityTableViewCell.xib in Resources */,
				C0F0055026FED21000B7A7A7 /* LaunchScreen.storyboard in Resources */,
				C0F0059726FF23C800B7A7A7 /* TransactionActivityView.xib in Resources */,
				C0F0057D26FEDCB700B7A7A7 /* Transfer.storyboard in Resources */,
				C0F0054D26FED21000B7A7A7 /* Assets.xcassets in Resources */,
				C0F0054B26FED20F00B7A7A7 /* Main.storyboard in Resources */,
				C0F0058A26FF18B000B7A7A7 /* BalanceDisplayView.xib in Resources */,
				C0F0057926FED7E900B7A7A7 /* Dashboard.storyboard in Resources */,
			);
			runOnlyForDeploymentPostprocessing = 0;
		};
		C0F0055426FED21000B7A7A7 /* Resources */ = {
			isa = PBXResourcesBuildPhase;
			buildActionMask = 2147483647;
			files = (
			);
			runOnlyForDeploymentPostprocessing = 0;
		};
		C0F0055F26FED21000B7A7A7 /* Resources */ = {
			isa = PBXResourcesBuildPhase;
			buildActionMask = 2147483647;
			files = (
			);
			runOnlyForDeploymentPostprocessing = 0;
		};
/* End PBXResourcesBuildPhase section */

/* Begin PBXSourcesBuildPhase section */
		C0F0053C26FED20F00B7A7A7 /* Sources */ = {
			isa = PBXSourcesBuildPhase;
			buildActionMask = 2147483647;
			files = (
				C0F005CD27003B0E00B7A7A7 /* Transactions.swift in Sources */,
				C0F005CF27003B0E00B7A7A7 /* FromAccount.swift in Sources */,
				C0F005BF27002ED600B7A7A7 /* BalanceData.swift in Sources */,
				C0F0059A26FF67AD00B7A7A7 /* NetworkRequest.swift in Sources */,
				C0F0057426FED3A000B7A7A7 /* LoginViewController.swift in Sources */,
				C0F005E52700775800B7A7A7 /* PayeeResponse.swift in Sources */,
				C0F005A626FF8B1900B7A7A7 /* SessionManager.swift in Sources */,
				C0F005AF27002D9900B7A7A7 /* BalanceViewModel.swift in Sources */,
				C0F005CE27003B0E00B7A7A7 /* TransactionData.swift in Sources */,
				C0F005D82700484300B7A7A7 /* Double+Extension.swift in Sources */,
				C0F005D3270047D100B7A7A7 /* String+Extension.swift in Sources */,
				C0F0058F26FF1B8B00B7A7A7 /* UIWindow+Extension.swift in Sources */,
				C0F0059526FF23BE00B7A7A7 /* TransactionActivityView.swift in Sources */,
				C0F005DD2700732100B7A7A7 /* TransferData.swift in Sources */,
				C0F0058226FEF49E00B7A7A7 /* OCBCButton.swift in Sources */,
				C0F005DA27004A7800B7A7A7 /* Date+Extension.swift in Sources */,
				C0F005D62700481600B7A7A7 /* Common.swift in Sources */,
				C0F005D12700437E00B7A7A7 /* ToAccount.swift in Sources */,
				C0F0059226FF235000B7A7A7 /* TransactionActivityTableViewCell.swift in Sources */,
				C0F005DF2700736B00B7A7A7 /* TransferResponse.swift in Sources */,
				C0F0058826FF18A200B7A7A7 /* BalanceDisplayView.swift in Sources */,
				C0F0058D26FF1B5300B7A7A7 /* UIView+Extension.swift in Sources */,
				C0F0059E26FF6C4700B7A7A7 /* ApiRequestUrl.swift in Sources */,
				C0F0058426FF062600B7A7A7 /* OCBCTextView.swift in Sources */,
				C0F0057B26FED85D00B7A7A7 /* DashboardViewController.swift in Sources */,
				C0F0058626FF0A7800B7A7A7 /* OCBCTextField.swift in Sources */,
				C0F005A426FF81A700B7A7A7 /* RequestDataHelper.swift in Sources */,
				C0F005A826FF949400B7A7A7 /* LoginData.swift in Sources */,
				C0F005E32700770E00B7A7A7 /* PayeeData.swift in Sources */,
				C0F0054426FED20F00B7A7A7 /* AppDelegate.swift in Sources */,
				C0F0057F26FEDCE300B7A7A7 /* TransferViewController.swift in Sources */,
				C0F005AA26FFA13F00B7A7A7 /* LoginViewModel.swift in Sources */,
				C0F005BC27002E7000B7A7A7 /* TransferViewModel.swift in Sources */,
				C0F005AC26FFA3C800B7A7A7 /* UIAlertViewController+Extra.swift in Sources */,
				C0F005B727002E3D00B7A7A7 /* TransactionViewModel.swift in Sources */,
				C0F005E1270076C700B7A7A7 /* PayeeViewModel.swift in Sources */,
			);
			runOnlyForDeploymentPostprocessing = 0;
		};
		C0F0055226FED21000B7A7A7 /* Sources */ = {
			isa = PBXSourcesBuildPhase;
			buildActionMask = 2147483647;
			files = (
				C0F0055B26FED21000B7A7A7 /* ocbc_ios_mukeshTests.swift in Sources */,
			);
			runOnlyForDeploymentPostprocessing = 0;
		};
		C0F0055D26FED21000B7A7A7 /* Sources */ = {
			isa = PBXSourcesBuildPhase;
			buildActionMask = 2147483647;
			files = (
				C0F0056626FED21000B7A7A7 /* ocbc_ios_mukeshUITests.swift in Sources */,
			);
			runOnlyForDeploymentPostprocessing = 0;
		};
/* End PBXSourcesBuildPhase section */

/* Begin PBXTargetDependency section */
		C0F0055826FED21000B7A7A7 /* PBXTargetDependency */ = {
			isa = PBXTargetDependency;
			target = C0F0053F26FED20F00B7A7A7 /* ocbc_ios_mukesh */;
			targetProxy = C0F0055726FED21000B7A7A7 /* PBXContainerItemProxy */;
		};
		C0F0056326FED21000B7A7A7 /* PBXTargetDependency */ = {
			isa = PBXTargetDependency;
			target = C0F0053F26FED20F00B7A7A7 /* ocbc_ios_mukesh */;
			targetProxy = C0F0056226FED21000B7A7A7 /* PBXContainerItemProxy */;
		};
/* End PBXTargetDependency section */

/* Begin PBXVariantGroup section */
		C0F0054926FED20F00B7A7A7 /* Main.storyboard */ = {
			isa = PBXVariantGroup;
			children = (
				C0F0054A26FED20F00B7A7A7 /* Base */,
			);
			name = Main.storyboard;
			sourceTree = "<group>";
		};
		C0F0054E26FED21000B7A7A7 /* LaunchScreen.storyboard */ = {
			isa = PBXVariantGroup;
			children = (
				C0F0054F26FED21000B7A7A7 /* Base */,
			);
			name = LaunchScreen.storyboard;
			sourceTree = "<group>";
		};
/* End PBXVariantGroup section */

/* Begin XCBuildConfiguration section */
		C0F0056826FED21000B7A7A7 /* Debug */ = {
			isa = XCBuildConfiguration;
			buildSettings = {
				ALWAYS_SEARCH_USER_PATHS = NO;
				CLANG_ANALYZER_NONNULL = YES;
				CLANG_ANALYZER_NUMBER_OBJECT_CONVERSION = YES_AGGRESSIVE;
				CLANG_CXX_LANGUAGE_STANDARD = "gnu++14";
				CLANG_CXX_LIBRARY = "libc++";
				CLANG_ENABLE_MODULES = YES;
				CLANG_ENABLE_OBJC_ARC = YES;
				CLANG_ENABLE_OBJC_WEAK = YES;
				CLANG_WARN_BLOCK_CAPTURE_AUTORELEASING = YES;
				CLANG_WARN_BOOL_CONVERSION = YES;
				CLANG_WARN_COMMA = YES;
				CLANG_WARN_CONSTANT_CONVERSION = YES;
				CLANG_WARN_DEPRECATED_OBJC_IMPLEMENTATIONS = YES;
				CLANG_WARN_DIRECT_OBJC_ISA_USAGE = YES_ERROR;
				CLANG_WARN_DOCUMENTATION_COMMENTS = YES;
				CLANG_WARN_EMPTY_BODY = YES;
				CLANG_WARN_ENUM_CONVERSION = YES;
				CLANG_WARN_INFINITE_RECURSION = YES;
				CLANG_WARN_INT_CONVERSION = YES;
				CLANG_WARN_NON_LITERAL_NULL_CONVERSION = YES;
				CLANG_WARN_OBJC_IMPLICIT_RETAIN_SELF = YES;
				CLANG_WARN_OBJC_LITERAL_CONVERSION = YES;
				CLANG_WARN_OBJC_ROOT_CLASS = YES_ERROR;
				CLANG_WARN_QUOTED_INCLUDE_IN_FRAMEWORK_HEADER = YES;
				CLANG_WARN_RANGE_LOOP_ANALYSIS = YES;
				CLANG_WARN_STRICT_PROTOTYPES = YES;
				CLANG_WARN_SUSPICIOUS_MOVE = YES;
				CLANG_WARN_UNGUARDED_AVAILABILITY = YES_AGGRESSIVE;
				CLANG_WARN_UNREACHABLE_CODE = YES;
				CLANG_WARN__DUPLICATE_METHOD_MATCH = YES;
				COPY_PHASE_STRIP = NO;
				DEBUG_INFORMATION_FORMAT = dwarf;
				ENABLE_STRICT_OBJC_MSGSEND = YES;
				ENABLE_TESTABILITY = YES;
				GCC_C_LANGUAGE_STANDARD = gnu11;
				GCC_DYNAMIC_NO_PIC = NO;
				GCC_NO_COMMON_BLOCKS = YES;
				GCC_OPTIMIZATION_LEVEL = 0;
				GCC_PREPROCESSOR_DEFINITIONS = (
					"DEBUG=1",
					"$(inherited)",
				);
				GCC_WARN_64_TO_32_BIT_CONVERSION = YES;
				GCC_WARN_ABOUT_RETURN_TYPE = YES_ERROR;
				GCC_WARN_UNDECLARED_SELECTOR = YES;
				GCC_WARN_UNINITIALIZED_AUTOS = YES_AGGRESSIVE;
				GCC_WARN_UNUSED_FUNCTION = YES;
				GCC_WARN_UNUSED_VARIABLE = YES;
				IPHONEOS_DEPLOYMENT_TARGET = 14.5;
				MTL_ENABLE_DEBUG_INFO = INCLUDE_SOURCE;
				MTL_FAST_MATH = YES;
				ONLY_ACTIVE_ARCH = YES;
				SDKROOT = iphoneos;
				SWIFT_ACTIVE_COMPILATION_CONDITIONS = DEBUG;
				SWIFT_OPTIMIZATION_LEVEL = "-Onone";
			};
			name = Debug;
		};
		C0F0056926FED21000B7A7A7 /* Release */ = {
			isa = XCBuildConfiguration;
			buildSettings = {
				ALWAYS_SEARCH_USER_PATHS = NO;
				CLANG_ANALYZER_NONNULL = YES;
				CLANG_ANALYZER_NUMBER_OBJECT_CONVERSION = YES_AGGRESSIVE;
				CLANG_CXX_LANGUAGE_STANDARD = "gnu++14";
				CLANG_CXX_LIBRARY = "libc++";
				CLANG_ENABLE_MODULES = YES;
				CLANG_ENABLE_OBJC_ARC = YES;
				CLANG_ENABLE_OBJC_WEAK = YES;
				CLANG_WARN_BLOCK_CAPTURE_AUTORELEASING = YES;
				CLANG_WARN_BOOL_CONVERSION = YES;
				CLANG_WARN_COMMA = YES;
				CLANG_WARN_CONSTANT_CONVERSION = YES;
				CLANG_WARN_DEPRECATED_OBJC_IMPLEMENTATIONS = YES;
				CLANG_WARN_DIRECT_OBJC_ISA_USAGE = YES_ERROR;
				CLANG_WARN_DOCUMENTATION_COMMENTS = YES;
				CLANG_WARN_EMPTY_BODY = YES;
				CLANG_WARN_ENUM_CONVERSION = YES;
				CLANG_WARN_INFINITE_RECURSION = YES;
				CLANG_WARN_INT_CONVERSION = YES;
				CLANG_WARN_NON_LITERAL_NULL_CONVERSION = YES;
				CLANG_WARN_OBJC_IMPLICIT_RETAIN_SELF = YES;
				CLANG_WARN_OBJC_LITERAL_CONVERSION = YES;
				CLANG_WARN_OBJC_ROOT_CLASS = YES_ERROR;
				CLANG_WARN_QUOTED_INCLUDE_IN_FRAMEWORK_HEADER = YES;
				CLANG_WARN_RANGE_LOOP_ANALYSIS = YES;
				CLANG_WARN_STRICT_PROTOTYPES = YES;
				CLANG_WARN_SUSPICIOUS_MOVE = YES;
				CLANG_WARN_UNGUARDED_AVAILABILITY = YES_AGGRESSIVE;
				CLANG_WARN_UNREACHABLE_CODE = YES;
				CLANG_WARN__DUPLICATE_METHOD_MATCH = YES;
				COPY_PHASE_STRIP = NO;
				DEBUG_INFORMATION_FORMAT = "dwarf-with-dsym";
				ENABLE_NS_ASSERTIONS = NO;
				ENABLE_STRICT_OBJC_MSGSEND = YES;
				GCC_C_LANGUAGE_STANDARD = gnu11;
				GCC_NO_COMMON_BLOCKS = YES;
				GCC_WARN_64_TO_32_BIT_CONVERSION = YES;
				GCC_WARN_ABOUT_RETURN_TYPE = YES_ERROR;
				GCC_WARN_UNDECLARED_SELECTOR = YES;
				GCC_WARN_UNINITIALIZED_AUTOS = YES_AGGRESSIVE;
				GCC_WARN_UNUSED_FUNCTION = YES;
				GCC_WARN_UNUSED_VARIABLE = YES;
				IPHONEOS_DEPLOYMENT_TARGET = 14.5;
				MTL_ENABLE_DEBUG_INFO = NO;
				MTL_FAST_MATH = YES;
				SDKROOT = iphoneos;
				SWIFT_COMPILATION_MODE = wholemodule;
				SWIFT_OPTIMIZATION_LEVEL = "-O";
				VALIDATE_PRODUCT = YES;
			};
			name = Release;
		};
		C0F0056B26FED21000B7A7A7 /* Debug */ = {
			isa = XCBuildConfiguration;
			buildSettings = {
				ASSETCATALOG_COMPILER_APPICON_NAME = AppIcon;
				ASSETCATALOG_COMPILER_GLOBAL_ACCENT_COLOR_NAME = AccentColor;
				CODE_SIGN_STYLE = Automatic;
				DEVELOPMENT_TEAM = DNTJZJWJQC;
				INFOPLIST_FILE = ocbc_ios_mukesh/Info.plist;
				IPHONEOS_DEPLOYMENT_TARGET = 13.0;
				LD_RUNPATH_SEARCH_PATHS = (
					"$(inherited)",
					"@executable_path/Frameworks",
				);
				PRODUCT_BUNDLE_IDENTIFIER = "com.mukesh.ocbc-ios-mukesh";
				PRODUCT_NAME = "$(TARGET_NAME)";
				SWIFT_VERSION = 5.0;
				TARGETED_DEVICE_FAMILY = "1,2";
			};
			name = Debug;
		};
		C0F0056C26FED21000B7A7A7 /* Release */ = {
			isa = XCBuildConfiguration;
			buildSettings = {
				ASSETCATALOG_COMPILER_APPICON_NAME = AppIcon;
				ASSETCATALOG_COMPILER_GLOBAL_ACCENT_COLOR_NAME = AccentColor;
				CODE_SIGN_STYLE = Automatic;
				DEVELOPMENT_TEAM = DNTJZJWJQC;
				INFOPLIST_FILE = ocbc_ios_mukesh/Info.plist;
				IPHONEOS_DEPLOYMENT_TARGET = 13.0;
				LD_RUNPATH_SEARCH_PATHS = (
					"$(inherited)",
					"@executable_path/Frameworks",
				);
				PRODUCT_BUNDLE_IDENTIFIER = "com.mukesh.ocbc-ios-mukesh";
				PRODUCT_NAME = "$(TARGET_NAME)";
				SWIFT_VERSION = 5.0;
				TARGETED_DEVICE_FAMILY = "1,2";
			};
			name = Release;
		};
		C0F0056E26FED21000B7A7A7 /* Debug */ = {
			isa = XCBuildConfiguration;
			buildSettings = {
				ALWAYS_EMBED_SWIFT_STANDARD_LIBRARIES = YES;
				BUNDLE_LOADER = "$(TEST_HOST)";
				CODE_SIGN_STYLE = Automatic;
				DEVELOPMENT_TEAM = DNTJZJWJQC;
				INFOPLIST_FILE = ocbc_ios_mukeshTests/Info.plist;
				IPHONEOS_DEPLOYMENT_TARGET = 14.5;
				LD_RUNPATH_SEARCH_PATHS = (
					"$(inherited)",
					"@executable_path/Frameworks",
					"@loader_path/Frameworks",
				);
				PRODUCT_BUNDLE_IDENTIFIER = "com.mukesh.ocbc-ios-mukeshTests";
				PRODUCT_NAME = "$(TARGET_NAME)";
				SWIFT_VERSION = 5.0;
				TARGETED_DEVICE_FAMILY = "1,2";
				TEST_HOST = "$(BUILT_PRODUCTS_DIR)/ocbc_ios_mukesh.app/ocbc_ios_mukesh";
			};
			name = Debug;
		};
		C0F0056F26FED21000B7A7A7 /* Release */ = {
			isa = XCBuildConfiguration;
			buildSettings = {
				ALWAYS_EMBED_SWIFT_STANDARD_LIBRARIES = YES;
				BUNDLE_LOADER = "$(TEST_HOST)";
				CODE_SIGN_STYLE = Automatic;
				DEVELOPMENT_TEAM = DNTJZJWJQC;
				INFOPLIST_FILE = ocbc_ios_mukeshTests/Info.plist;
				IPHONEOS_DEPLOYMENT_TARGET = 14.5;
				LD_RUNPATH_SEARCH_PATHS = (
					"$(inherited)",
					"@executable_path/Frameworks",
					"@loader_path/Frameworks",
				);
				PRODUCT_BUNDLE_IDENTIFIER = "com.mukesh.ocbc-ios-mukeshTests";
				PRODUCT_NAME = "$(TARGET_NAME)";
				SWIFT_VERSION = 5.0;
				TARGETED_DEVICE_FAMILY = "1,2";
				TEST_HOST = "$(BUILT_PRODUCTS_DIR)/ocbc_ios_mukesh.app/ocbc_ios_mukesh";
			};
			name = Release;
		};
		C0F0057126FED21000B7A7A7 /* Debug */ = {
			isa = XCBuildConfiguration;
			buildSettings = {
				ALWAYS_EMBED_SWIFT_STANDARD_LIBRARIES = YES;
				CODE_SIGN_STYLE = Automatic;
				DEVELOPMENT_TEAM = DNTJZJWJQC;
				INFOPLIST_FILE = ocbc_ios_mukeshUITests/Info.plist;
				LD_RUNPATH_SEARCH_PATHS = (
					"$(inherited)",
					"@executable_path/Frameworks",
					"@loader_path/Frameworks",
				);
				PRODUCT_BUNDLE_IDENTIFIER = "com.mukesh.ocbc-ios-mukeshUITests";
				PRODUCT_NAME = "$(TARGET_NAME)";
				SWIFT_VERSION = 5.0;
				TARGETED_DEVICE_FAMILY = "1,2";
				TEST_TARGET_NAME = ocbc_ios_mukesh;
			};
			name = Debug;
		};
		C0F0057226FED21000B7A7A7 /* Release */ = {
			isa = XCBuildConfiguration;
			buildSettings = {
				ALWAYS_EMBED_SWIFT_STANDARD_LIBRARIES = YES;
				CODE_SIGN_STYLE = Automatic;
				DEVELOPMENT_TEAM = DNTJZJWJQC;
				INFOPLIST_FILE = ocbc_ios_mukeshUITests/Info.plist;
				LD_RUNPATH_SEARCH_PATHS = (
					"$(inherited)",
					"@executable_path/Frameworks",
					"@loader_path/Frameworks",
				);
				PRODUCT_BUNDLE_IDENTIFIER = "com.mukesh.ocbc-ios-mukeshUITests";
				PRODUCT_NAME = "$(TARGET_NAME)";
				SWIFT_VERSION = 5.0;
				TARGETED_DEVICE_FAMILY = "1,2";
				TEST_TARGET_NAME = ocbc_ios_mukesh;
			};
			name = Release;
		};
/* End XCBuildConfiguration section */

/* Begin XCConfigurationList section */
		C0F0053B26FED20F00B7A7A7 /* Build configuration list for PBXProject "ocbc_ios_mukesh" */ = {
			isa = XCConfigurationList;
			buildConfigurations = (
				C0F0056826FED21000B7A7A7 /* Debug */,
				C0F0056926FED21000B7A7A7 /* Release */,
			);
			defaultConfigurationIsVisible = 0;
			defaultConfigurationName = Release;
		};
		C0F0056A26FED21000B7A7A7 /* Build configuration list for PBXNativeTarget "ocbc_ios_mukesh" */ = {
			isa = XCConfigurationList;
			buildConfigurations = (
				C0F0056B26FED21000B7A7A7 /* Debug */,
				C0F0056C26FED21000B7A7A7 /* Release */,
			);
			defaultConfigurationIsVisible = 0;
			defaultConfigurationName = Release;
		};
		C0F0056D26FED21000B7A7A7 /* Build configuration list for PBXNativeTarget "ocbc_ios_mukeshTests" */ = {
			isa = XCConfigurationList;
			buildConfigurations = (
				C0F0056E26FED21000B7A7A7 /* Debug */,
				C0F0056F26FED21000B7A7A7 /* Release */,
			);
			defaultConfigurationIsVisible = 0;
			defaultConfigurationName = Release;
		};
		C0F0057026FED21000B7A7A7 /* Build configuration list for PBXNativeTarget "ocbc_ios_mukeshUITests" */ = {
			isa = XCConfigurationList;
			buildConfigurations = (
				C0F0057126FED21000B7A7A7 /* Debug */,
				C0F0057226FED21000B7A7A7 /* Release */,
			);
			defaultConfigurationIsVisible = 0;
			defaultConfigurationName = Release;
		};
/* End XCConfigurationList section */
	};
	rootObject = C0F0053826FED20F00B7A7A7 /* Project object */;
}
